// !$*UTF8*$!
{
	archiveVersion = 1;
	classes = {
	};
	objectVersion = 55;
	objects = {

/* Begin PBXBuildFile section */
		F6C3C6D727E91CB100E06E7A /* AppDelegate.swift in Sources */ = {isa = PBXBuildFile; fileRef = F6C3C6D627E91CB100E06E7A /* AppDelegate.swift */; };
		F6C3C6D927E91CB100E06E7A /* SceneDelegate.swift in Sources */ = {isa = PBXBuildFile; fileRef = F6C3C6D827E91CB100E06E7A /* SceneDelegate.swift */; };
		F6C3C6DB27E91CB100E06E7A /* ViewController.swift in Sources */ = {isa = PBXBuildFile; fileRef = F6C3C6DA27E91CB100E06E7A /* ViewController.swift */; };
		F6C3C6DE27E91CB100E06E7A /* Main.storyboard in Resources */ = {isa = PBXBuildFile; fileRef = F6C3C6DC27E91CB100E06E7A /* Main.storyboard */; };
		F6C3C6E027E91CB300E06E7A /* Assets.xcassets in Resources */ = {isa = PBXBuildFile; fileRef = F6C3C6DF27E91CB300E06E7A /* Assets.xcassets */; };
		F6C3C6E327E91CB300E06E7A /* LaunchScreen.storyboard in Resources */ = {isa = PBXBuildFile; fileRef = F6C3C6E127E91CB300E06E7A /* LaunchScreen.storyboard */; };
		F6C3C6EC27E91CD800E06E7A /* CenteredCollectionView.swift in Sources */ = {isa = PBXBuildFile; fileRef = F6C3C6EB27E91CD800E06E7A /* CenteredCollectionView.swift */; };
		F6C3C6EE27E927CE00E06E7A /* CenteredCollectionFlowLayout.swift in Sources */ = {isa = PBXBuildFile; fileRef = F6C3C6ED27E927CE00E06E7A /* CenteredCollectionFlowLayout.swift */; };
		F6C3C6F027E927FF00E06E7A /* CenteredCollectionViewCell.swift in Sources */ = {isa = PBXBuildFile; fileRef = F6C3C6EF27E927FF00E06E7A /* CenteredCollectionViewCell.swift */; };
/* End PBXBuildFile section */

/* Begin PBXFileReference section */
		F6C3C6D327E91CB100E06E7A /* SwiftCenteredCollectionView.app */ = {isa = PBXFileReference; explicitFileType = wrapper.application; includeInIndex = 0; path = SwiftCenteredCollectionView.app; sourceTree = BUILT_PRODUCTS_DIR; };
		F6C3C6D627E91CB100E06E7A /* AppDelegate.swift */ = {isa = PBXFileReference; lastKnownFileType = sourcecode.swift; path = AppDelegate.swift; sourceTree = "<group>"; };
		F6C3C6D827E91CB100E06E7A /* SceneDelegate.swift */ = {isa = PBXFileReference; lastKnownFileType = sourcecode.swift; path = SceneDelegate.swift; sourceTree = "<group>"; };
		F6C3C6DA27E91CB100E06E7A /* ViewController.swift */ = {isa = PBXFileReference; lastKnownFileType = sourcecode.swift; path = ViewController.swift; sourceTree = "<group>"; };
		F6C3C6DD27E91CB100E06E7A /* Base */ = {isa = PBXFileReference; lastKnownFileType = file.storyboard; name = Base; path = Base.lproj/Main.storyboard; sourceTree = "<group>"; };
		F6C3C6DF27E91CB300E06E7A /* Assets.xcassets */ = {isa = PBXFileReference; lastKnownFileType = folder.assetcatalog; path = Assets.xcassets; sourceTree = "<group>"; };
		F6C3C6E227E91CB300E06E7A /* Base */ = {isa = PBXFileReference; lastKnownFileType = file.storyboard; name = Base; path = Base.lproj/LaunchScreen.storyboard; sourceTree = "<group>"; };
		F6C3C6E427E91CB300E06E7A /* Info.plist */ = {isa = PBXFileReference; lastKnownFileType = text.plist.xml; path = Info.plist; sourceTree = "<group>"; };
		F6C3C6EB27E91CD800E06E7A /* CenteredCollectionView.swift */ = {isa = PBXFileReference; lastKnownFileType = sourcecode.swift; path = CenteredCollectionView.swift; sourceTree = "<group>"; };
		F6C3C6ED27E927CE00E06E7A /* CenteredCollectionFlowLayout.swift */ = {isa = PBXFileReference; lastKnownFileType = sourcecode.swift; path = CenteredCollectionFlowLayout.swift; sourceTree = "<group>"; };
		F6C3C6EF27E927FF00E06E7A /* CenteredCollectionViewCell.swift */ = {isa = PBXFileReference; lastKnownFileType = sourcecode.swift; path = CenteredCollectionViewCell.swift; sourceTree = "<group>"; };
/* End PBXFileReference section */

/* Begin PBXFrameworksBuildPhase section */
		F6C3C6D027E91CB100E06E7A /* Frameworks */ = {
			isa = PBXFrameworksBuildPhase;
			buildActionMask = 2147483647;
			files = (
			);
			runOnlyForDeploymentPostprocessing = 0;
		};
/* End PBXFrameworksBuildPhase section */

/* Begin PBXGroup section */
		F6C3C6CA27E91CB100E06E7A = {
			isa = PBXGroup;
			children = (
				F6C3C6D527E91CB100E06E7A /* SwiftCenteredCollectionView */,
				F6C3C6D427E91CB100E06E7A /* Products */,
			);
			sourceTree = "<group>";
		};
		F6C3C6D427E91CB100E06E7A /* Products */ = {
			isa = PBXGroup;
			children = (
				F6C3C6D327E91CB100E06E7A /* SwiftCenteredCollectionView.app */,
			);
			name = Products;
			sourceTree = "<group>";
		};
		F6C3C6D527E91CB100E06E7A /* SwiftCenteredCollectionView */ = {
			isa = PBXGroup;
			children = (
				F6C3C6EA27E91CC200E06E7A /* Sources */,
				F6C3C6D627E91CB100E06E7A /* AppDelegate.swift */,
				F6C3C6D827E91CB100E06E7A /* SceneDelegate.swift */,
				F6C3C6DA27E91CB100E06E7A /* ViewController.swift */,
				F6C3C6DC27E91CB100E06E7A /* Main.storyboard */,
				F6C3C6DF27E91CB300E06E7A /* Assets.xcassets */,
				F6C3C6E127E91CB300E06E7A /* LaunchScreen.storyboard */,
				F6C3C6E427E91CB300E06E7A /* Info.plist */,
			);
			path = SwiftCenteredCollectionView;
			sourceTree = "<group>";
		};
		F6C3C6EA27E91CC200E06E7A /* Sources */ = {
			isa = PBXGroup;
			children = (
				F6C3C6EB27E91CD800E06E7A /* CenteredCollectionView.swift */,
				F6C3C6ED27E927CE00E06E7A /* CenteredCollectionFlowLayout.swift */,
				F6C3C6EF27E927FF00E06E7A /* CenteredCollectionViewCell.swift */,
			);
			path = Sources;
			sourceTree = "<group>";
		};
/* End PBXGroup section */

/* Begin PBXNativeTarget section */
		F6C3C6D227E91CB100E06E7A /* SwiftCenteredCollectionView */ = {
			isa = PBXNativeTarget;
			buildConfigurationList = F6C3C6E727E91CB300E06E7A /* Build configuration list for PBXNativeTarget "SwiftCenteredCollectionView" */;
			buildPhases = (
				F6C3C6CF27E91CB100E06E7A /* Sources */,
				F6C3C6D027E91CB100E06E7A /* Frameworks */,
				F6C3C6D127E91CB100E06E7A /* Resources */,
			);
			buildRules = (
			);
			dependencies = (
			);
			name = SwiftCenteredCollectionView;
			productName = SwiftCenteredCollectionView;
			productReference = F6C3C6D327E91CB100E06E7A /* SwiftCenteredCollectionView.app */;
			productType = "com.apple.product-type.application";
		};
/* End PBXNativeTarget section */

/* Begin PBXProject section */
		F6C3C6CB27E91CB100E06E7A /* Project object */ = {
			isa = PBXProject;
			attributes = {
				BuildIndependentTargetsInParallel = 1;
				LastSwiftUpdateCheck = 1320;
				LastUpgradeCheck = 1320;
				TargetAttributes = {
					F6C3C6D227E91CB100E06E7A = {
						CreatedOnToolsVersion = 13.2;
					};
				};
			};
			buildConfigurationList = F6C3C6CE27E91CB100E06E7A /* Build configuration list for PBXProject "SwiftCenteredCollectionView" */;
			compatibilityVersion = "Xcode 13.0";
			developmentRegion = en;
			hasScannedForEncodings = 0;
			knownRegions = (
				en,
				Base,
			);
			mainGroup = F6C3C6CA27E91CB100E06E7A;
			productRefGroup = F6C3C6D427E91CB100E06E7A /* Products */;
			projectDirPath = "";
			projectRoot = "";
			targets = (
				F6C3C6D227E91CB100E06E7A /* SwiftCenteredCollectionView */,
			);
		};
/* End PBXProject section */

/* Begin PBXResourcesBuildPhase section */
		F6C3C6D127E91CB100E06E7A /* Resources */ = {
			isa = PBXResourcesBuildPhase;
			buildActionMask = 2147483647;
			files = (
				F6C3C6E327E91CB300E06E7A /* LaunchScreen.storyboard in Resources */,
				F6C3C6E027E91CB300E06E7A /* Assets.xcassets in Resources */,
				F6C3C6DE27E91CB100E06E7A /* Main.storyboard in Resources */,
			);
			runOnlyForDeploymentPostprocessing = 0;
		};
/* End PBXResourcesBuildPhase section */

/* Begin PBXSourcesBuildPhase section */
		F6C3C6CF27E91CB100E06E7A /* Sources */ = {
			isa = PBXSourcesBuildPhase;
			buildActionMask = 2147483647;
			files = (
				F6C3C6DB27E91CB100E06E7A /* ViewController.swift in Sources */,
				F6C3C6D727E91CB100E06E7A /* AppDelegate.swift in Sources */,
				F6C3C6EE27E927CE00E06E7A /* CenteredCollectionFlowLayout.swift in Sources */,
				F6C3C6EC27E91CD800E06E7A /* CenteredCollectionView.swift in Sources */,
				F6C3C6F027E927FF00E06E7A /* CenteredCollectionViewCell.swift in Sources */,
				F6C3C6D927E91CB100E06E7A /* SceneDelegate.swift in Sources */,
			);
			runOnlyForDeploymentPostprocessing = 0;
		};
/* End PBXSourcesBuildPhase section */

/* Begin PBXVariantGroup section */
		F6C3C6DC27E91CB100E06E7A /* Main.storyboard */ = {
			isa = PBXVariantGroup;
			children = (
				F6C3C6DD27E91CB100E06E7A /* Base */,
			);
			name = Main.storyboard;
			sourceTree = "<group>";
		};
		F6C3C6E127E91CB300E06E7A /* LaunchScreen.storyboard */ = {
			isa = PBXVariantGroup;
			children = (
				F6C3C6E227E91CB300E06E7A /* Base */,
			);
			name = LaunchScreen.storyboard;
			sourceTree = "<group>";
		};
/* End PBXVariantGroup section */

/* Begin XCBuildConfiguration section */
		F6C3C6E527E91CB300E06E7A /* Debug */ = {
			isa = XCBuildConfiguration;
			buildSettings = {
				ALWAYS_SEARCH_USER_PATHS = NO;
				CLANG_ANALYZER_NONNULL = YES;
				CLANG_ANALYZER_NUMBER_OBJECT_CONVERSION = YES_AGGRESSIVE;
				CLANG_CXX_LANGUAGE_STANDARD = "gnu++17";
				CLANG_CXX_LIBRARY = "libc++";
				CLANG_ENABLE_MODULES = YES;
				CLANG_ENABLE_OBJC_ARC = YES;
				CLANG_ENABLE_OBJC_WEAK = YES;
				CLANG_WARN_BLOCK_CAPTURE_AUTORELEASING = YES;
				CLANG_WARN_BOOL_CONVERSION = YES;
				CLANG_WARN_COMMA = YES;
				CLANG_WARN_CONSTANT_CONVERSION = YES;
				CLANG_WARN_DEPRECATED_OBJC_IMPLEMENTATIONS = YES;
				CLANG_WARN_DIRECT_OBJC_ISA_USAGE = YES_ERROR;
				CLANG_WARN_DOCUMENTATION_COMMENTS = YES;
				CLANG_WARN_EMPTY_BODY = YES;
				CLANG_WARN_ENUM_CONVERSION = YES;
				CLANG_WARN_INFINITE_RECURSION = YES;
				CLANG_WARN_INT_CONVERSION = YES;
				CLANG_WARN_NON_LITERAL_NULL_CONVERSION = YES;
				CLANG_WARN_OBJC_IMPLICIT_RETAIN_SELF = YES;
				CLANG_WARN_OBJC_LITERAL_CONVERSION = YES;
				CLANG_WARN_OBJC_ROOT_CLASS = YES_ERROR;
				CLANG_WARN_QUOTED_INCLUDE_IN_FRAMEWORK_HEADER = YES;
				CLANG_WARN_RANGE_LOOP_ANALYSIS = YES;
				CLANG_WARN_STRICT_PROTOTYPES = YES;
				CLANG_WARN_SUSPICIOUS_MOVE = YES;
				CLANG_WARN_UNGUARDED_AVAILABILITY = YES_AGGRESSIVE;
				CLANG_WARN_UNREACHABLE_CODE = YES;
				CLANG_WARN__DUPLICATE_METHOD_MATCH = YES;
				COPY_PHASE_STRIP = NO;
				DEBUG_INFORMATION_FORMAT = dwarf;
				ENABLE_STRICT_OBJC_MSGSEND = YES;
				ENABLE_TESTABILITY = YES;
				GCC_C_LANGUAGE_STANDARD = gnu11;
				GCC_DYNAMIC_NO_PIC = NO;
				GCC_NO_COMMON_BLOCKS = YES;
				GCC_OPTIMIZATION_LEVEL = 0;
				GCC_PREPROCESSOR_DEFINITIONS = (
					"DEBUG=1",
					"$(inherited)",
				);
				GCC_WARN_64_TO_32_BIT_CONVERSION = YES;
				GCC_WARN_ABOUT_RETURN_TYPE = YES_ERROR;
				GCC_WARN_UNDECLARED_SELECTOR = YES;
				GCC_WARN_UNINITIALIZED_AUTOS = YES_AGGRESSIVE;
				GCC_WARN_UNUSED_FUNCTION = YES;
				GCC_WARN_UNUSED_VARIABLE = YES;
				IPHONEOS_DEPLOYMENT_TARGET = 15.2;
				MTL_ENABLE_DEBUG_INFO = INCLUDE_SOURCE;
				MTL_FAST_MATH = YES;
				ONLY_ACTIVE_ARCH = YES;
				SDKROOT = iphoneos;
				SWIFT_ACTIVE_COMPILATION_CONDITIONS = DEBUG;
				SWIFT_OPTIMIZATION_LEVEL = "-Onone";
			};
			name = Debug;
		};
		F6C3C6E627E91CB300E06E7A /* Release */ = {
			isa = XCBuildConfiguration;
			buildSettings = {
				ALWAYS_SEARCH_USER_PATHS = NO;
				CLANG_ANALYZER_NONNULL = YES;
				CLANG_ANALYZER_NUMBER_OBJECT_CONVERSION = YES_AGGRESSIVE;
				CLANG_CXX_LANGUAGE_STANDARD = "gnu++17";
				CLANG_CXX_LIBRARY = "libc++";
				CLANG_ENABLE_MODULES = YES;
				CLANG_ENABLE_OBJC_ARC = YES;
				CLANG_ENABLE_OBJC_WEAK = YES;
				CLANG_WARN_BLOCK_CAPTURE_AUTORELEASING = YES;
				CLANG_WARN_BOOL_CONVERSION = YES;
				CLANG_WARN_COMMA = YES;
				CLANG_WARN_CONSTANT_CONVERSION = YES;
				CLANG_WARN_DEPRECATED_OBJC_IMPLEMENTATIONS = YES;
				CLANG_WARN_DIRECT_OBJC_ISA_USAGE = YES_ERROR;
				CLANG_WARN_DOCUMENTATION_COMMENTS = YES;
				CLANG_WARN_EMPTY_BODY = YES;
				CLANG_WARN_ENUM_CONVERSION = YES;
				CLANG_WARN_INFINITE_RECURSION = YES;
				CLANG_WARN_INT_CONVERSION = YES;
				CLANG_WARN_NON_LITERAL_NULL_CONVERSION = YES;
				CLANG_WARN_OBJC_IMPLICIT_RETAIN_SELF = YES;
				CLANG_WARN_OBJC_LITERAL_CONVERSION = YES;
				CLANG_WARN_OBJC_ROOT_CLASS = YES_ERROR;
				CLANG_WARN_QUOTED_INCLUDE_IN_FRAMEWORK_HEADER = YES;
				CLANG_WARN_RANGE_LOOP_ANALYSIS = YES;
				CLANG_WARN_STRICT_PROTOTYPES = YES;
				CLANG_WARN_SUSPICIOUS_MOVE = YES;
				CLANG_WARN_UNGUARDED_AVAILABILITY = YES_AGGRESSIVE;
				CLANG_WARN_UNREACHABLE_CODE = YES;
				CLANG_WARN__DUPLICATE_METHOD_MATCH = YES;
				COPY_PHASE_STRIP = NO;
				DEBUG_INFORMATION_FORMAT = "dwarf-with-dsym";
				ENABLE_NS_ASSERTIONS = NO;
				ENABLE_STRICT_OBJC_MSGSEND = YES;
				GCC_C_LANGUAGE_STANDARD = gnu11;
				GCC_NO_COMMON_BLOCKS = YES;
				GCC_WARN_64_TO_32_BIT_CONVERSION = YES;
				GCC_WARN_ABOUT_RETURN_TYPE = YES_ERROR;
				GCC_WARN_UNDECLARED_SELECTOR = YES;
				GCC_WARN_UNINITIALIZED_AUTOS = YES_AGGRESSIVE;
				GCC_WARN_UNUSED_FUNCTION = YES;
				GCC_WARN_UNUSED_VARIABLE = YES;
				IPHONEOS_DEPLOYMENT_TARGET = 15.2;
				MTL_ENABLE_DEBUG_INFO = NO;
				MTL_FAST_MATH = YES;
				SDKROOT = iphoneos;
				SWIFT_COMPILATION_MODE = wholemodule;
				SWIFT_OPTIMIZATION_LEVEL = "-O";
				VALIDATE_PRODUCT = YES;
			};
			name = Release;
		};
		F6C3C6E827E91CB300E06E7A /* Debug */ = {
			isa = XCBuildConfiguration;
			buildSettings = {
				ASSETCATALOG_COMPILER_APPICON_NAME = AppIcon;
				ASSETCATALOG_COMPILER_GLOBAL_ACCENT_COLOR_NAME = AccentColor;
				CODE_SIGN_STYLE = Automatic;
				CURRENT_PROJECT_VERSION = 1;
				DEVELOPMENT_TEAM = 2MF8645GL7;
				GENERATE_INFOPLIST_FILE = YES;
				INFOPLIST_FILE = SwiftCenteredCollectionView/Info.plist;
				INFOPLIST_KEY_UIApplicationSupportsIndirectInputEvents = YES;
				INFOPLIST_KEY_UILaunchStoryboardName = LaunchScreen;
				INFOPLIST_KEY_UIMainStoryboardFile = Main;
				INFOPLIST_KEY_UISupportedInterfaceOrientations_iPad = "UIInterfaceOrientationPortrait UIInterfaceOrientationPortraitUpsideDown UIInterfaceOrientationLandscapeLeft UIInterfaceOrientationLandscapeRight";
				INFOPLIST_KEY_UISupportedInterfaceOrientations_iPhone = "UIInterfaceOrientationPortrait UIInterfaceOrientationLandscapeLeft UIInterfaceOrientationLandscapeRight";
				LD_RUNPATH_SEARCH_PATHS = (
					"$(inherited)",
					"@executable_path/Frameworks",
				);
				MARKETING_VERSION = 1.0;
				PRODUCT_BUNDLE_IDENTIFIER = ibrahimyilmaz.SwiftCenteredCollectionView.SwiftCenteredCollectionView;
				PRODUCT_NAME = "$(TARGET_NAME)";
				SWIFT_EMIT_LOC_STRINGS = YES;
				SWIFT_VERSION = 5.0;
				TARGETED_DEVICE_FAMILY = "1,2";
			};
			name = Debug;
		};
		F6C3C6E927E91CB300E06E7A /* Release */ = {
			isa = XCBuildConfiguration;
			buildSettings = {
				ASSETCATALOG_COMPILER_APPICON_NAME = AppIcon;
				ASSETCATALOG_COMPILER_GLOBAL_ACCENT_COLOR_NAME = AccentColor;
				CODE_SIGN_STYLE = Automatic;
				CURRENT_PROJECT_VERSION = 1;
				DEVELOPMENT_TEAM = 2MF8645GL7;
				GENERATE_INFOPLIST_FILE = YES;
				INFOPLIST_FILE = SwiftCenteredCollectionView/Info.plist;
				INFOPLIST_KEY_UIApplicationSupportsIndirectInputEvents = YES;
				INFOPLIST_KEY_UILaunchStoryboardName = LaunchScreen;
				INFOPLIST_KEY_UIMainStoryboardFile = Main;
				INFOPLIST_KEY_UISupportedInterfaceOrientations_iPad = "UIInterfaceOrientationPortrait UIInterfaceOrientationPortraitUpsideDown UIInterfaceOrientationLandscapeLeft UIInterfaceOrientationLandscapeRight";
				INFOPLIST_KEY_UISupportedInterfaceOrientations_iPhone = "UIInterfaceOrientationPortrait UIInterfaceOrientationLandscapeLeft UIInterfaceOrientationLandscapeRight";
				LD_RUNPATH_SEARCH_PATHS = (
					"$(inherited)",
					"@executable_path/Frameworks",
				);
				MARKETING_VERSION = 1.0;
				PRODUCT_BUNDLE_IDENTIFIER = ibrahimyilmaz.SwiftCenteredCollectionView.SwiftCenteredCollectionView;
				PRODUCT_NAME = "$(TARGET_NAME)";
				SWIFT_EMIT_LOC_STRINGS = YES;
				SWIFT_VERSION = 5.0;
				TARGETED_DEVICE_FAMILY = "1,2";
			};
			name = Release;
		};
/* End XCBuildConfiguration section */

/* Begin XCConfigurationList section */
		F6C3C6CE27E91CB100E06E7A /* Build configuration list for PBXProject "SwiftCenteredCollectionView" */ = {
			isa = XCConfigurationList;
			buildConfigurations = (
				F6C3C6E527E91CB300E06E7A /* Debug */,
				F6C3C6E627E91CB300E06E7A /* Release */,
			);
			defaultConfigurationIsVisible = 0;
			defaultConfigurationName = Release;
		};
		F6C3C6E727E91CB300E06E7A /* Build configuration list for PBXNativeTarget "SwiftCenteredCollectionView" */ = {
			isa = XCConfigurationList;
			buildConfigurations = (
				F6C3C6E827E91CB300E06E7A /* Debug */,
				F6C3C6E927E91CB300E06E7A /* Release */,
			);
			defaultConfigurationIsVisible = 0;
			defaultConfigurationName = Release;
		};
/* End XCConfigurationList section */
	};
	rootObject = F6C3C6CB27E91CB100E06E7A /* Project object */;
}
